
Microsoft Visual Studio Solution File, Format Version 12.00
# Visual Studio Version 17
VisualStudioVersion = 17.14.36603.0 d17.14
MinimumVisualStudioVersion = 10.0.40219.1
Project("{FAE04EC0-301F-11D3-BF4B-00C04F79EFBC}") = "WinFormsApp1", "WinFormsApp1\WinFormsApp1.csproj", "{80AEF754-C2D8-4D98-88CE-D2D19E1715C3}"
EndProject
Global
	GlobalSection(SolutionConfigurationPlatforms) = preSolution
		Debug|Any CPU = Debug|Any CPU
		Release|Any CPU = Release|Any CPU
	EndGlobalSection
	GlobalSection(ProjectConfigurationPlatforms) = postSolution
		{80AEF754-C2D8-4D98-88CE-D2D19E1715C3}.Debug|Any CPU.ActiveCfg = Debug|Any CPU
		{80AEF754-C2D8-4D98-88CE-D2D19E1715C3}.Debug|Any CPU.Build.0 = Debug|Any CPU
		{80AEF754-C2D8-4D98-88CE-D2D19E1715C3}.Release|Any CPU.ActiveCfg = Release|Any CPU
		{80AEF754-C2D8-4D98-88CE-D2D19E1715C3}.Release|Any CPU.Build.0 = Release|Any CPU
	EndGlobalSection
	GlobalSection(SolutionProperties) = preSolution
		HideSolutionNode = FALSE
	EndGlobalSection
	GlobalSection(ExtensibilityGlobals) = postSolution
		SolutionGuid = {40EFE0A9-8346-4CE8-B1D6-3B57A4E0CBE6}
	EndGlobalSection
EndGlobal
